
Microsoft Visual Studio Solution File, Format Version 12.00
Project("{FAE04EC0-301F-11D3-BF4B-00C04F79EFBC}") = "Persistense.EF", "Persistense.EF\Persistense.EF.csproj", "{27104D74-246B-440F-B225-4E04FFC851C9}"
EndProject
Project("{FAE04EC0-301F-11D3-BF4B-00C04F79EFBC}") = "WebAPI", "WebAPI\WebAPI.csproj", "{9022068C-1C06-4A30-BE42-C1B99195D6D8}"
EndProject
Project("{FAE04EC0-301F-11D3-BF4B-00C04F79EFBC}") = "Application", "Application\Application.csproj", "{DD3B0087-4BE9-42EA-A7DB-22E20AEEFBD5}"
EndProject
Project("{FAE04EC0-301F-11D3-BF4B-00C04F79EFBC}") = "Persistense.Dapper", "Persistense.Dapper\Persistense.Dapper.csproj", "{59EAEE04-491C-43EF-89DC-807F561A92C3}"
EndProject
Global
	GlobalSection(SolutionConfigurationPlatforms) = preSolution
		Debug|Any CPU = Debug|Any CPU
		Release|Any CPU = Release|Any CPU
	EndGlobalSection
	GlobalSection(ProjectConfigurationPlatforms) = postSolution
		{27104D74-246B-440F-B225-4E04FFC851C9}.Debug|Any CPU.ActiveCfg = Debug|Any CPU
		{27104D74-246B-440F-B225-4E04FFC851C9}.Debug|Any CPU.Build.0 = Debug|Any CPU
		{27104D74-246B-440F-B225-4E04FFC851C9}.Release|Any CPU.ActiveCfg = Release|Any CPU
		{27104D74-246B-440F-B225-4E04FFC851C9}.Release|Any CPU.Build.0 = Release|Any CPU
		{9022068C-1C06-4A30-BE42-C1B99195D6D8}.Debug|Any CPU.ActiveCfg = Debug|Any CPU
		{9022068C-1C06-4A30-BE42-C1B99195D6D8}.Debug|Any CPU.Build.0 = Debug|Any CPU
		{9022068C-1C06-4A30-BE42-C1B99195D6D8}.Release|Any CPU.ActiveCfg = Release|Any CPU
		{9022068C-1C06-4A30-BE42-C1B99195D6D8}.Release|Any CPU.Build.0 = Release|Any CPU
		{DD3B0087-4BE9-42EA-A7DB-22E20AEEFBD5}.Debug|Any CPU.ActiveCfg = Debug|Any CPU
		{DD3B0087-4BE9-42EA-A7DB-22E20AEEFBD5}.Debug|Any CPU.Build.0 = Debug|Any CPU
		{DD3B0087-4BE9-42EA-A7DB-22E20AEEFBD5}.Release|Any CPU.ActiveCfg = Release|Any CPU
		{DD3B0087-4BE9-42EA-A7DB-22E20AEEFBD5}.Release|Any CPU.Build.0 = Release|Any CPU
		{59EAEE04-491C-43EF-89DC-807F561A92C3}.Debug|Any CPU.ActiveCfg = Debug|Any CPU
		{59EAEE04-491C-43EF-89DC-807F561A92C3}.Debug|Any CPU.Build.0 = Debug|Any CPU
		{59EAEE04-491C-43EF-89DC-807F561A92C3}.Release|Any CPU.ActiveCfg = Release|Any CPU
		{59EAEE04-491C-43EF-89DC-807F561A92C3}.Release|Any CPU.Build.0 = Release|Any CPU
	EndGlobalSection
EndGlobal
